dependencies:
  espressif/cmake_utilities:
    component_hash: 351350613ceafba240b761b4ea991e0f231ac7a9f59a9ee901f751bddc0bb18f
    source:
      service_url: https://api.components.espressif.com/
      type: service
    version: 0.5.3
  espressif__esp_lcd_touch:
    component_hash: null
    source:
      path: /home/nhat/esp/myGUI/components/espressif__esp_lcd_touch
      type: local
    version: 1.1.1
  idf:
    component_hash: null
    source:
      type: idf
    version: 5.1.2
  lvgl__lvgl:
    component_hash: null
    source:
      path: /home/nhat/esp/myGUI/components/lvgl__lvgl
      type: local
    version: 8.3.10
manifest_hash: af6a7b0a3a0ced7c02527a1d17d1a3d75f2e14cc43e209845d8367aa423ea491
target: esp32
version: 1.0.0
